# This file is autogenerated, do not edit; changes may be undone by the next 'dep ensure'.


[[projects]]
  branch = "master"
  name = "github.com/dlclark/go-wav"
  packages = ["."]
  revision = "28a4d9815ce163964007ae40238730876c68fe51"

[[projects]]
  branch = "master"
  name = "github.com/youpy/go-riff"
  packages = ["."]
  revision = "557d78c11efbdcdf178bf52723cfba91f02e0bb2"

[solve-meta]
  analyzer-name = "dep"
  analyzer-version = 1
  inputs-digest = "82f04bc0a56d000ab1bb5b5d55194ba4ae7f71e3731fa4bc1343d09d60960b6e"
  solver-name = "gps-cdcl"
  solver-version = 1
